
Microsoft Visual Studio Solution File, Format Version 12.00
# Visual Studio 15
VisualStudioVersion = 15.0.27130.2036
MinimumVisualStudioVersion = 10.0.40219.1
Project("{9A19103F-16F7-4668-BE54-9A1E7A4F7556}") = "Highlande.WEB", "Highlande.WEB\Highlande.WEB.csproj", "{0416F41C-68A8-4C0A-BBE1-214233FB3CE5}"
EndProject
Project("{9A19103F-16F7-4668-BE54-9A1E7A4F7556}") = "Highlande.BLL", "Highlande.BLL\Highlande.BLL.csproj", "{E685304D-E508-4D9E-AE31-CAA79AD5CAF6}"
EndProject
Project("{9A19103F-16F7-4668-BE54-9A1E7A4F7556}") = "Highlande.DAL", "Highlande.DAL\Highlande.DAL.csproj", "{E058A7CF-D0E5-4386-BD17-BA673D5B6FED}"
EndProject
Global
	GlobalSection(SolutionConfigurationPlatforms) = preSolution
		Debug|Any CPU = Debug|Any CPU
		Release|Any CPU = Release|Any CPU
	EndGlobalSection
	GlobalSection(ProjectConfigurationPlatforms) = postSolution
		{0416F41C-68A8-4C0A-BBE1-214233FB3CE5}.Debug|Any CPU.ActiveCfg = Debug|Any CPU
		{0416F41C-68A8-4C0A-BBE1-214233FB3CE5}.Debug|Any CPU.Build.0 = Debug|Any CPU
		{0416F41C-68A8-4C0A-BBE1-214233FB3CE5}.Release|Any CPU.ActiveCfg = Release|Any CPU
		{0416F41C-68A8-4C0A-BBE1-214233FB3CE5}.Release|Any CPU.Build.0 = Release|Any CPU
		{E685304D-E508-4D9E-AE31-CAA79AD5CAF6}.Debug|Any CPU.ActiveCfg = Debug|Any CPU
		{E685304D-E508-4D9E-AE31-CAA79AD5CAF6}.Debug|Any CPU.Build.0 = Debug|Any CPU
		{E685304D-E508-4D9E-AE31-CAA79AD5CAF6}.Release|Any CPU.ActiveCfg = Release|Any CPU
		{E685304D-E508-4D9E-AE31-CAA79AD5CAF6}.Release|Any CPU.Build.0 = Release|Any CPU
		{E058A7CF-D0E5-4386-BD17-BA673D5B6FED}.Debug|Any CPU.ActiveCfg = Debug|Any CPU
		{E058A7CF-D0E5-4386-BD17-BA673D5B6FED}.Debug|Any CPU.Build.0 = Debug|Any CPU
		{E058A7CF-D0E5-4386-BD17-BA673D5B6FED}.Release|Any CPU.ActiveCfg = Release|Any CPU
		{E058A7CF-D0E5-4386-BD17-BA673D5B6FED}.Release|Any CPU.Build.0 = Release|Any CPU
	EndGlobalSection
	GlobalSection(SolutionProperties) = preSolution
		HideSolutionNode = FALSE
	EndGlobalSection
	GlobalSection(ExtensibilityGlobals) = postSolution
		SolutionGuid = {824AA0D9-7A0E-49BD-A116-90E3055E70B8}
	EndGlobalSection
EndGlobal
